
Microsoft Visual Studio Solution File, Format Version 12.00
# Visual Studio 14
VisualStudioVersion = 14.0.25420.1
MinimumVisualStudioVersion = 10.0.40219.1
Project("{FAE04EC0-301F-11D3-BF4B-00C04F79EFBC}") = "RockyToy.Common", "RockyToy.Common\RockyToy.Common.csproj", "{86E7F165-2B09-4A10-81FB-7E43053C9BC6}"
EndProject
Project("{FAE04EC0-301F-11D3-BF4B-00C04F79EFBC}") = "RockyToy.Common.Tests", "RockyToy.Common.Tests\RockyToy.Common.Tests.csproj", "{8EDF560A-A1BA-47EA-992A-40220627651B}"
EndProject
Project("{FAE04EC0-301F-11D3-BF4B-00C04F79EFBC}") = "RockyToy.MathParser", "RockyToy.MathParser\RockyToy.MathParser.csproj", "{BB527D92-74A3-4514-8A54-DB04C9E746D1}"
EndProject
Project("{FAE04EC0-301F-11D3-BF4B-00C04F79EFBC}") = "RockyToy.MathParser.Tests", "RockyToy.MathParser.Tests\RockyToy.MathParser.Tests.csproj", "{C8CBF132-87C9-4704-9EF8-CA156DC78C72}"
EndProject
Global
	GlobalSection(SolutionConfigurationPlatforms) = preSolution
		Debug|Any CPU = Debug|Any CPU
		Release|Any CPU = Release|Any CPU
	EndGlobalSection
	GlobalSection(ProjectConfigurationPlatforms) = postSolution
		{86E7F165-2B09-4A10-81FB-7E43053C9BC6}.Debug|Any CPU.ActiveCfg = Debug|Any CPU
		{86E7F165-2B09-4A10-81FB-7E43053C9BC6}.Debug|Any CPU.Build.0 = Debug|Any CPU
		{86E7F165-2B09-4A10-81FB-7E43053C9BC6}.Release|Any CPU.ActiveCfg = Release|Any CPU
		{86E7F165-2B09-4A10-81FB-7E43053C9BC6}.Release|Any CPU.Build.0 = Release|Any CPU
		{8EDF560A-A1BA-47EA-992A-40220627651B}.Debug|Any CPU.ActiveCfg = Debug|Any CPU
		{8EDF560A-A1BA-47EA-992A-40220627651B}.Debug|Any CPU.Build.0 = Debug|Any CPU
		{8EDF560A-A1BA-47EA-992A-40220627651B}.Release|Any CPU.ActiveCfg = Release|Any CPU
		{8EDF560A-A1BA-47EA-992A-40220627651B}.Release|Any CPU.Build.0 = Release|Any CPU
		{BB527D92-74A3-4514-8A54-DB04C9E746D1}.Debug|Any CPU.ActiveCfg = Debug|Any CPU
		{BB527D92-74A3-4514-8A54-DB04C9E746D1}.Debug|Any CPU.Build.0 = Debug|Any CPU
		{BB527D92-74A3-4514-8A54-DB04C9E746D1}.Release|Any CPU.ActiveCfg = Release|Any CPU
		{BB527D92-74A3-4514-8A54-DB04C9E746D1}.Release|Any CPU.Build.0 = Release|Any CPU
		{C8CBF132-87C9-4704-9EF8-CA156DC78C72}.Debug|Any CPU.ActiveCfg = Debug|Any CPU
		{C8CBF132-87C9-4704-9EF8-CA156DC78C72}.Debug|Any CPU.Build.0 = Debug|Any CPU
		{C8CBF132-87C9-4704-9EF8-CA156DC78C72}.Release|Any CPU.ActiveCfg = Release|Any CPU
		{C8CBF132-87C9-4704-9EF8-CA156DC78C72}.Release|Any CPU.Build.0 = Release|Any CPU
	EndGlobalSection
	GlobalSection(SolutionProperties) = preSolution
		HideSolutionNode = FALSE
	EndGlobalSection
EndGlobal
